
Microsoft Visual Studio Solution File, Format Version 12.00
# Visual Studio Version 17
VisualStudioVersion = 17.4.33110.190
MinimumVisualStudioVersion = 10.0.40219.1
Project("{FAE04EC0-301F-11D3-BF4B-00C04F79EFBC}") = "HotellApp", "HotellApp\HotellApp.csproj", "{72937B1E-F5EA-4ABD-9FB3-9D308748665E}"
EndProject
Global
	GlobalSection(SolutionConfigurationPlatforms) = preSolution
		Debug|Any CPU = Debug|Any CPU
		Release|Any CPU = Release|Any CPU
	EndGlobalSection
	GlobalSection(ProjectConfigurationPlatforms) = postSolution
		{72937B1E-F5EA-4ABD-9FB3-9D308748665E}.Debug|Any CPU.ActiveCfg = Debug|Any CPU
		{72937B1E-F5EA-4ABD-9FB3-9D308748665E}.Debug|Any CPU.Build.0 = Debug|Any CPU
		{72937B1E-F5EA-4ABD-9FB3-9D308748665E}.Release|Any CPU.ActiveCfg = Release|Any CPU
		{72937B1E-F5EA-4ABD-9FB3-9D308748665E}.Release|Any CPU.Build.0 = Release|Any CPU
	EndGlobalSection
	GlobalSection(SolutionProperties) = preSolution
		HideSolutionNode = FALSE
	EndGlobalSection
	GlobalSection(ExtensibilityGlobals) = postSolution
		SolutionGuid = {166DD6AE-BCE0-47C3-AD46-CBA346CCA441}
	EndGlobalSection
EndGlobal
